
Microsoft Visual Studio Solution File, Format Version 12.00
# Visual Studio Version 17
VisualStudioVersion = 17.10.34928.147
MinimumVisualStudioVersion = 10.0.40219.1
Project("{FAE04EC0-301F-11D3-BF4B-00C04F79EFBC}") = "MeditationVeranstaltungApp", "MeditationVeranstaltungApp\MeditationVeranstaltungApp.csproj", "{B230AD99-7887-4FAE-BE41-B9E2EEF9FBC3}"
EndProject
Global
	GlobalSection(SolutionConfigurationPlatforms) = preSolution
		Debug|Any CPU = Debug|Any CPU
		Release|Any CPU = Release|Any CPU
	EndGlobalSection
	GlobalSection(ProjectConfigurationPlatforms) = postSolution
		{B230AD99-7887-4FAE-BE41-B9E2EEF9FBC3}.Debug|Any CPU.ActiveCfg = Debug|Any CPU
		{B230AD99-7887-4FAE-BE41-B9E2EEF9FBC3}.Debug|Any CPU.Build.0 = Debug|Any CPU
		{B230AD99-7887-4FAE-BE41-B9E2EEF9FBC3}.Release|Any CPU.ActiveCfg = Release|Any CPU
		{B230AD99-7887-4FAE-BE41-B9E2EEF9FBC3}.Release|Any CPU.Build.0 = Release|Any CPU
	EndGlobalSection
	GlobalSection(SolutionProperties) = preSolution
		HideSolutionNode = FALSE
	EndGlobalSection
	GlobalSection(ExtensibilityGlobals) = postSolution
		SolutionGuid = {B96DA8C3-8207-45D5-A919-735448A25369}
	EndGlobalSection
EndGlobal
